// !$*UTF8*$!
{
	archiveVersion = 1;
	classes = {
	};
	objectVersion = 46;
	objects = {

/* Begin PBXBuildFile section */
		81B1A137203FE4B200165FAE /* main.m in Sources */ = {isa = PBXBuildFile; fileRef = 81B1A136203FE4B200165FAE /* main.m */; };
		81B1A13A203FE4B200165FAE /* AppDelegate.m in Sources */ = {isa = PBXBuildFile; fileRef = 81B1A139203FE4B200165FAE /* AppDelegate.m */; };
		81B1A13D203FE4B200165FAE /* ViewController.m in Sources */ = {isa = PBXBuildFile; fileRef = 81B1A13C203FE4B200165FAE /* ViewController.m */; };
		81B1A140203FE4B200165FAE /* Main.storyboard in Resources */ = {isa = PBXBuildFile; fileRef = 81B1A13E203FE4B200165FAE /* Main.storyboard */; };
		81B1A142203FE4B300165FAE /* Assets.xcassets in Resources */ = {isa = PBXBuildFile; fileRef = 81B1A141203FE4B300165FAE /* Assets.xcassets */; };
		81B1A145203FE4B300165FAE /* LaunchScreen.storyboard in Resources */ = {isa = PBXBuildFile; fileRef = 81B1A143203FE4B300165FAE /* LaunchScreen.storyboard */; };
		81B1A151204004D400165FAE /* LLMusicPlayerManager.m in Sources */ = {isa = PBXBuildFile; fileRef = 81B1A150204004D400165FAE /* LLMusicPlayerManager.m */; };
/* End PBXBuildFile section */

/* Begin PBXFileReference section */
		81B1A132203FE4B200165FAE /* LLMusicDemo.app */ = {isa = PBXFileReference; explicitFileType = wrapper.application; includeInIndex = 0; path = LLMusicDemo.app; sourceTree = BUILT_PRODUCTS_DIR; };
		81B1A136203FE4B200165FAE /* main.m */ = {isa = PBXFileReference; lastKnownFileType = sourcecode.c.objc; path = main.m; sourceTree = "<group>"; };
		81B1A138203FE4B200165FAE /* AppDelegate.h */ = {isa = PBXFileReference; lastKnownFileType = sourcecode.c.h; path = AppDelegate.h; sourceTree = "<group>"; };
		81B1A139203FE4B200165FAE /* AppDelegate.m */ = {isa = PBXFileReference; lastKnownFileType = sourcecode.c.objc; path = AppDelegate.m; sourceTree = "<group>"; };
		81B1A13B203FE4B200165FAE /* ViewController.h */ = {isa = PBXFileReference; lastKnownFileType = sourcecode.c.h; path = ViewController.h; sourceTree = "<group>"; };
		81B1A13C203FE4B200165FAE /* ViewController.m */ = {isa = PBXFileReference; lastKnownFileType = sourcecode.c.objc; path = ViewController.m; sourceTree = "<group>"; };
		81B1A13F203FE4B200165FAE /* Base */ = {isa = PBXFileReference; lastKnownFileType = file.storyboard; name = Base; path = Base.lproj/Main.storyboard; sourceTree = "<group>"; };
		81B1A141203FE4B300165FAE /* Assets.xcassets */ = {isa = PBXFileReference; lastKnownFileType = folder.assetcatalog; path = Assets.xcassets; sourceTree = "<group>"; };
		81B1A144203FE4B300165FAE /* Base */ = {isa = PBXFileReference; lastKnownFileType = file.storyboard; name = Base; path = Base.lproj/LaunchScreen.storyboard; sourceTree = "<group>"; };
		81B1A146203FE4B300165FAE /* Info.plist */ = {isa = PBXFileReference; lastKnownFileType = text.plist.xml; path = Info.plist; sourceTree = "<group>"; };
		81B1A14F204004D400165FAE /* LLMusicPlayerManager.h */ = {isa = PBXFileReference; fileEncoding = 4; lastKnownFileType = sourcecode.c.h; path = LLMusicPlayerManager.h; sourceTree = "<group>"; };
		81B1A150204004D400165FAE /* LLMusicPlayerManager.m */ = {isa = PBXFileReference; fileEncoding = 4; lastKnownFileType = sourcecode.c.objc; path = LLMusicPlayerManager.m; sourceTree = "<group>"; };
/* End PBXFileReference section */

/* Begin PBXFrameworksBuildPhase section */
		81B1A12F203FE4B200165FAE /* Frameworks */ = {
			isa = PBXFrameworksBuildPhase;
			buildActionMask = 2147483647;
			files = (
			);
			runOnlyForDeploymentPostprocessing = 0;
		};
/* End PBXFrameworksBuildPhase section */

/* Begin PBXGroup section */
		81B1A129203FE4B200165FAE = {
			isa = PBXGroup;
			children = (
				81B1A134203FE4B200165FAE /* LLMusicDemo */,
				81B1A133203FE4B200165FAE /* Products */,
			);
			sourceTree = "<group>";
		};
		81B1A133203FE4B200165FAE /* Products */ = {
			isa = PBXGroup;
			children = (
				81B1A132203FE4B200165FAE /* LLMusicDemo.app */,
			);
			name = Products;
			sourceTree = "<group>";
		};
		81B1A134203FE4B200165FAE /* LLMusicDemo */ = {
			isa = PBXGroup;
			children = (
				81B1A138203FE4B200165FAE /* AppDelegate.h */,
				81B1A139203FE4B200165FAE /* AppDelegate.m */,
				81B1A13B203FE4B200165FAE /* ViewController.h */,
				81B1A13C203FE4B200165FAE /* ViewController.m */,
				81B1A14F204004D400165FAE /* LLMusicPlayerManager.h */,
				81B1A150204004D400165FAE /* LLMusicPlayerManager.m */,
				81B1A13E203FE4B200165FAE /* Main.storyboard */,
				81B1A141203FE4B300165FAE /* Assets.xcassets */,
				81B1A143203FE4B300165FAE /* LaunchScreen.storyboard */,
				81B1A146203FE4B300165FAE /* Info.plist */,
				81B1A135203FE4B200165FAE /* Supporting Files */,
			);
			path = LLMusicDemo;
			sourceTree = "<group>";
		};
		81B1A135203FE4B200165FAE /* Supporting Files */ = {
			isa = PBXGroup;
			children = (
				81B1A136203FE4B200165FAE /* main.m */,
			);
			name = "Supporting Files";
			sourceTree = "<group>";
		};
/* End PBXGroup section */

/* Begin PBXNativeTarget section */
		81B1A131203FE4B200165FAE /* LLMusicDemo */ = {
			isa = PBXNativeTarget;
			buildConfigurationList = 81B1A149203FE4B300165FAE /* Build configuration list for PBXNativeTarget "LLMusicDemo" */;
			buildPhases = (
				81B1A12E203FE4B200165FAE /* Sources */,
				81B1A12F203FE4B200165FAE /* Frameworks */,
				81B1A130203FE4B200165FAE /* Resources */,
			);
			buildRules = (
			);
			dependencies = (
			);
			name = LLMusicDemo;
			productName = LLMusicDemo;
			productReference = 81B1A132203FE4B200165FAE /* LLMusicDemo.app */;
			productType = "com.apple.product-type.application";
		};
/* End PBXNativeTarget section */

/* Begin PBXProject section */
		81B1A12A203FE4B200165FAE /* Project object */ = {
			isa = PBXProject;
			attributes = {
				LastUpgradeCheck = 0830;
				ORGANIZATIONNAME = frank;
				TargetAttributes = {
					81B1A131203FE4B200165FAE = {
						CreatedOnToolsVersion = 8.3.3;
						DevelopmentTeam = 6AJ2E3Z5EP;
						ProvisioningStyle = Automatic;
						SystemCapabilities = {
							com.apple.BackgroundModes = {
								enabled = 1;
							};
						};
					};
				};
			};
			buildConfigurationList = 81B1A12D203FE4B200165FAE /* Build configuration list for PBXProject "LLMusicDemo" */;
			compatibilityVersion = "Xcode 3.2";
			developmentRegion = English;
			hasScannedForEncodings = 0;
			knownRegions = (
				en,
				Base,
			);
			mainGroup = 81B1A129203FE4B200165FAE;
			productRefGroup = 81B1A133203FE4B200165FAE /* Products */;
			projectDirPath = "";
			projectRoot = "";
			targets = (
				81B1A131203FE4B200165FAE /* LLMusicDemo */,
			);
		};
/* End PBXProject section */

/* Begin PBXResourcesBuildPhase section */
		81B1A130203FE4B200165FAE /* Resources */ = {
			isa = PBXResourcesBuildPhase;
			buildActionMask = 2147483647;
			files = (
				81B1A145203FE4B300165FAE /* LaunchScreen.storyboard in Resources */,
				81B1A142203FE4B300165FAE /* Assets.xcassets in Resources */,
				81B1A140203FE4B200165FAE /* Main.storyboard in Resources */,
			);
			runOnlyForDeploymentPostprocessing = 0;
		};
/* End PBXResourcesBuildPhase section */

/* Begin PBXSourcesBuildPhase section */
		81B1A12E203FE4B200165FAE /* Sources */ = {
			isa = PBXSourcesBuildPhase;
			buildActionMask = 2147483647;
			files = (
				81B1A13D203FE4B200165FAE /* ViewController.m in Sources */,
				81B1A13A203FE4B200165FAE /* AppDelegate.m in Sources */,
				81B1A151204004D400165FAE /* LLMusicPlayerManager.m in Sources */,
				81B1A137203FE4B200165FAE /* main.m in Sources */,
			);
			runOnlyForDeploymentPostprocessing = 0;
		};
/* End PBXSourcesBuildPhase section */

/* Begin PBXVariantGroup section */
		81B1A13E203FE4B200165FAE /* Main.storyboard */ = {
			isa = PBXVariantGroup;
			children = (
				81B1A13F203FE4B200165FAE /* Base */,
			);
			name = Main.storyboard;
			sourceTree = "<group>";
		};
		81B1A143203FE4B300165FAE /* LaunchScreen.storyboard */ = {
			isa = PBXVariantGroup;
			children = (
				81B1A144203FE4B300165FAE /* Base */,
			);
			name = LaunchScreen.storyboard;
			sourceTree = "<group>";
		};
/* End PBXVariantGroup section */

/* Begin XCBuildConfiguration section */
		81B1A147203FE4B300165FAE /* Debug */ = {
			isa = XCBuildConfiguration;
			buildSettings = {
				ALWAYS_SEARCH_USER_PATHS = NO;
				CLANG_ANALYZER_NONNULL = YES;
				CLANG_ANALYZER_NUMBER_OBJECT_CONVERSION = YES_AGGRESSIVE;
				CLANG_CXX_LANGUAGE_STANDARD = "gnu++0x";
				CLANG_CXX_LIBRARY = "libc++";
				CLANG_ENABLE_MODULES = YES;
				CLANG_ENABLE_OBJC_ARC = YES;
				CLANG_WARN_BOOL_CONVERSION = YES;
				CLANG_WARN_CONSTANT_CONVERSION = YES;
				CLANG_WARN_DIRECT_OBJC_ISA_USAGE = YES_ERROR;
				CLANG_WARN_DOCUMENTATION_COMMENTS = YES;
				CLANG_WARN_EMPTY_BODY = YES;
				CLANG_WARN_ENUM_CONVERSION = YES;
				CLANG_WARN_INFINITE_RECURSION = YES;
				CLANG_WARN_INT_CONVERSION = YES;
				CLANG_WARN_OBJC_ROOT_CLASS = YES_ERROR;
				CLANG_WARN_SUSPICIOUS_MOVE = YES;
				CLANG_WARN_UNREACHABLE_CODE = YES;
				CLANG_WARN__DUPLICATE_METHOD_MATCH = YES;
				"CODE_SIGN_IDENTITY[sdk=iphoneos*]" = "iPhone Developer";
				COPY_PHASE_STRIP = NO;
				DEBUG_INFORMATION_FORMAT = dwarf;
				ENABLE_STRICT_OBJC_MSGSEND = YES;
				ENABLE_TESTABILITY = YES;
				GCC_C_LANGUAGE_STANDARD = gnu99;
				GCC_DYNAMIC_NO_PIC = NO;
				GCC_NO_COMMON_BLOCKS = YES;
				GCC_OPTIMIZATION_LEVEL = 0;
				GCC_PREPROCESSOR_DEFINITIONS = (
					"DEBUG=1",
					"$(inherited)",
				);
				GCC_WARN_64_TO_32_BIT_CONVERSION = YES;
				GCC_WARN_ABOUT_RETURN_TYPE = YES_ERROR;
				GCC_WARN_UNDECLARED_SELECTOR = YES;
				GCC_WARN_UNINITIALIZED_AUTOS = YES_AGGRESSIVE;
				GCC_WARN_UNUSED_FUNCTION = YES;
				GCC_WARN_UNUSED_VARIABLE = YES;
				IPHONEOS_DEPLOYMENT_TARGET = 10.3;
				MTL_ENABLE_DEBUG_INFO = YES;
				ONLY_ACTIVE_ARCH = YES;
				SDKROOT = iphoneos;
			};
			name = Debug;
		};
		81B1A148203FE4B300165FAE /* Release */ = {
			isa = XCBuildConfiguration;
			buildSettings = {
				ALWAYS_SEARCH_USER_PATHS = NO;
				CLANG_ANALYZER_NONNULL = YES;
				CLANG_ANALYZER_NUMBER_OBJECT_CONVERSION = YES_AGGRESSIVE;
				CLANG_CXX_LANGUAGE_STANDARD = "gnu++0x";
				CLANG_CXX_LIBRARY = "libc++";
				CLANG_ENABLE_MODULES = YES;
				CLANG_ENABLE_OBJC_ARC = YES;
				CLANG_WARN_BOOL_CONVERSION = YES;
				CLANG_WARN_CONSTANT_CONVERSION = YES;
				CLANG_WARN_DIRECT_OBJC_ISA_USAGE = YES_ERROR;
				CLANG_WARN_DOCUMENTATION_COMMENTS = YES;
				CLANG_WARN_EMPTY_BODY = YES;
				CLANG_WARN_ENUM_CONVERSION = YES;
				CLANG_WARN_INFINITE_RECURSION = YES;
				CLANG_WARN_INT_CONVERSION = YES;
				CLANG_WARN_OBJC_ROOT_CLASS = YES_ERROR;
				CLANG_WARN_SUSPICIOUS_MOVE = YES;
				CLANG_WARN_UNREACHABLE_CODE = YES;
				CLANG_WARN__DUPLICATE_METHOD_MATCH = YES;
				"CODE_SIGN_IDENTITY[sdk=iphoneos*]" = "iPhone Developer";
				COPY_PHASE_STRIP = NO;
				DEBUG_INFORMATION_FORMAT = "dwarf-with-dsym";
				ENABLE_NS_ASSERTIONS = NO;
				ENABLE_STRICT_OBJC_MSGSEND = YES;
				GCC_C_LANGUAGE_STANDARD = gnu99;
				GCC_NO_COMMON_BLOCKS = YES;
				GCC_WARN_64_TO_32_BIT_CONVERSION = YES;
				GCC_WARN_ABOUT_RETURN_TYPE = YES_ERROR;
				GCC_WARN_UNDECLARED_SELECTOR = YES;
				GCC_WARN_UNINITIALIZED_AUTOS = YES_AGGRESSIVE;
				GCC_WARN_UNUSED_FUNCTION = YES;
				GCC_WARN_UNUSED_VARIABLE = YES;
				IPHONEOS_DEPLOYMENT_TARGET = 10.3;
				MTL_ENABLE_DEBUG_INFO = NO;
				SDKROOT = iphoneos;
				VALIDATE_PRODUCT = YES;
			};
			name = Release;
		};
		81B1A14A203FE4B300165FAE /* Debug */ = {
			isa = XCBuildConfiguration;
			buildSettings = {
				ASSETCATALOG_COMPILER_APPICON_NAME = AppIcon;
				DEVELOPMENT_TEAM = 6AJ2E3Z5EP;
				INFOPLIST_FILE = LLMusicDemo/Info.plist;
				IPHONEOS_DEPLOYMENT_TARGET = 8.0;
				LD_RUNPATH_SEARCH_PATHS = "$(inherited) @executable_path/Frameworks";
				PRODUCT_BUNDLE_IDENTIFIER = zkl.LLMusicDemo;
				PRODUCT_NAME = "$(TARGET_NAME)";
			};
			name = Debug;
		};
		81B1A14B203FE4B300165FAE /* Release */ = {
			isa = XCBuildConfiguration;
			buildSettings = {
				ASSETCATALOG_COMPILER_APPICON_NAME = AppIcon;
				DEVELOPMENT_TEAM = 6AJ2E3Z5EP;
				INFOPLIST_FILE = LLMusicDemo/Info.plist;
				IPHONEOS_DEPLOYMENT_TARGET = 8.0;
				LD_RUNPATH_SEARCH_PATHS = "$(inherited) @executable_path/Frameworks";
				PRODUCT_BUNDLE_IDENTIFIER = zkl.LLMusicDemo;
				PRODUCT_NAME = "$(TARGET_NAME)";
			};
			name = Release;
		};
/* End XCBuildConfiguration section */

/* Begin XCConfigurationList section */
		81B1A12D203FE4B200165FAE /* Build configuration list for PBXProject "LLMusicDemo" */ = {
			isa = XCConfigurationList;
			buildConfigurations = (
				81B1A147203FE4B300165FAE /* Debug */,
				81B1A148203FE4B300165FAE /* Release */,
			);
			defaultConfigurationIsVisible = 0;
			defaultConfigurationName = Release;
		};
		81B1A149203FE4B300165FAE /* Build configuration list for PBXNativeTarget "LLMusicDemo" */ = {
			isa = XCConfigurationList;
			buildConfigurations = (
				81B1A14A203FE4B300165FAE /* Debug */,
				81B1A14B203FE4B300165FAE /* Release */,
			);
			defaultConfigurationIsVisible = 0;
			defaultConfigurationName = Release;
		};
/* End XCConfigurationList section */
	};
	rootObject = 81B1A12A203FE4B200165FAE /* Project object */;
}
